
Microsoft Visual Studio Solution File, Format Version 12.00
# Visual Studio Version 16
VisualStudioVersion = 16.0.32510.428
MinimumVisualStudioVersion = 10.0.40219.1
Project("{FAE04EC0-301F-11D3-BF4B-00C04F79EFBC}") = "MiddleSchoolPortal", "MiddleSchoolPortal.csproj", "{B752A503-FF37-48AA-B974-9C94DEC79E15}"
EndProject
Global
	GlobalSection(SolutionConfigurationPlatforms) = preSolution
		Debug|Any CPU = Debug|Any CPU
		Release|Any CPU = Release|Any CPU
	EndGlobalSection
	GlobalSection(ProjectConfigurationPlatforms) = postSolution
		{B752A503-FF37-48AA-B974-9C94DEC79E15}.Debug|Any CPU.ActiveCfg = Debug|Any CPU
		{B752A503-FF37-48AA-B974-9C94DEC79E15}.Debug|Any CPU.Build.0 = Debug|Any CPU
		{B752A503-FF37-48AA-B974-9C94DEC79E15}.Release|Any CPU.ActiveCfg = Release|Any CPU
		{B752A503-FF37-48AA-B974-9C94DEC79E15}.Release|Any CPU.Build.0 = Release|Any CPU
	EndGlobalSection
	GlobalSection(SolutionProperties) = preSolution
		HideSolutionNode = FALSE
	EndGlobalSection
	GlobalSection(ExtensibilityGlobals) = postSolution
		SolutionGuid = {FBE957CD-E399-4C93-A223-89AD33B8083B}
	EndGlobalSection
EndGlobal
